
Microsoft Visual Studio Solution File, Format Version 12.00
# Visual Studio Version 17
VisualStudioVersion = 17.5.33627.172
MinimumVisualStudioVersion = 10.0.40219.1
Project("{8BC9CEB8-8B4A-11D0-8D11-00A0C91BC942}") = "OBSFX", "OBSFX\OBSFX.vcxproj", "{19597764-678D-4C74-8EAB-421AC28DD5C2}"
EndProject
Global
	GlobalSection(SolutionConfigurationPlatforms) = preSolution
		Debug|x64 = Debug|x64
		Debug|x86 = Debug|x86
		Release|x64 = Release|x64
		Release|x86 = Release|x86
	EndGlobalSection
	GlobalSection(ProjectConfigurationPlatforms) = postSolution
		{19597764-678D-4C74-8EAB-421AC28DD5C2}.Debug|x64.ActiveCfg = Debug|x64
		{19597764-678D-4C74-8EAB-421AC28DD5C2}.Debug|x64.Build.0 = Debug|x64
		{19597764-678D-4C74-8EAB-421AC28DD5C2}.Debug|x86.ActiveCfg = Debug|Win32
		{19597764-678D-4C74-8EAB-421AC28DD5C2}.Debug|x86.Build.0 = Debug|Win32
		{19597764-678D-4C74-8EAB-421AC28DD5C2}.Release|x64.ActiveCfg = Release|x64
		{19597764-678D-4C74-8EAB-421AC28DD5C2}.Release|x64.Build.0 = Release|x64
		{19597764-678D-4C74-8EAB-421AC28DD5C2}.Release|x86.ActiveCfg = Release|Win32
		{19597764-678D-4C74-8EAB-421AC28DD5C2}.Release|x86.Build.0 = Release|Win32
	EndGlobalSection
	GlobalSection(SolutionProperties) = preSolution
		HideSolutionNode = FALSE
	EndGlobalSection
	GlobalSection(ExtensibilityGlobals) = postSolution
		SolutionGuid = {EBB4B8E5-0D84-43D7-8F84-0DF442CA5A23}
	EndGlobalSection
EndGlobal
